
Microsoft Visual Studio Solution File, Format Version 12.00
# Visual Studio Version 16
VisualStudioVersion = 16.0.30611.23
MinimumVisualStudioVersion = 10.0.40219.1
Project("{FAE04EC0-301F-11D3-BF4B-00C04F79EFBC}") = "WPF_RadioButtonsPropertyDataEventTriggersPasswordBox", "WPF_RadioButtonsPropertyDataEventTriggersPasswordBox.csproj", "{79F7BAD9-4A91-4F3A-99FD-A109EB662253}"
EndProject
Global
	GlobalSection(SolutionConfigurationPlatforms) = preSolution
		Debug|Any CPU = Debug|Any CPU
		Release|Any CPU = Release|Any CPU
	EndGlobalSection
	GlobalSection(ProjectConfigurationPlatforms) = postSolution
		{79F7BAD9-4A91-4F3A-99FD-A109EB662253}.Debug|Any CPU.ActiveCfg = Debug|Any CPU
		{79F7BAD9-4A91-4F3A-99FD-A109EB662253}.Debug|Any CPU.Build.0 = Debug|Any CPU
		{79F7BAD9-4A91-4F3A-99FD-A109EB662253}.Release|Any CPU.ActiveCfg = Release|Any CPU
		{79F7BAD9-4A91-4F3A-99FD-A109EB662253}.Release|Any CPU.Build.0 = Release|Any CPU
	EndGlobalSection
	GlobalSection(SolutionProperties) = preSolution
		HideSolutionNode = FALSE
	EndGlobalSection
	GlobalSection(ExtensibilityGlobals) = postSolution
		SolutionGuid = {D8C0A151-EBC2-4236-AAD9-D467D0D84C56}
	EndGlobalSection
EndGlobal
